{
  "name": "quicksnag",
  "version": "1.0.0",
  "lockfileVersion": 3,
  "requires": true,
  "packages": {
    "": {
      "name": "quicksnag",
      "version": "1.0.0",
      "license": "ISC",
      "dependencies": {
        "@hotwired/stimulus": "^3.2.2",
        "alpinejs": "^3.13.3",
        "htmx.org": "^1.9.9"
      }
    },
    "node_modules/@hotwired/stimulus": {
      "version": "3.2.2",
      "resolved": "https://registry.npmjs.org/@hotwired/stimulus/-/stimulus-3.2.2.tgz",
      "integrity": "sha512-eGeIqNOQpXoPAIP7tC1+1Yc1yl1xnwYqg+3mzqxyrbE5pg5YFBZcA6YoTiByJB6DKAEsiWtl6tjTJS4IYtbB7A=="
    },
    "node_modules/@vue/reactivity": {
      "version": "3.1.5",
      "resolved": "https://registry.npmjs.org/@vue/reactivity/-/reactivity-3.1.5.tgz",
      "integrity": "sha512-1tdfLmNjWG6t/CsPldh+foumYFo3cpyCHgBYQ34ylaMsJ+SNHQ1kApMIa8jN+i593zQuaw3AdWH0nJTARzCFhg==",
      "dependencies": {
        "@vue/shared": "3.1.5"
      }
    },
    "node_modules/@vue/shared": {
      "version": "3.1.5",
      "resolved": "https://registry.npmjs.org/@vue/shared/-/shared-3.1.5.tgz",
      "integrity": "sha512-oJ4F3TnvpXaQwZJNF3ZK+kLPHKarDmJjJ6jyzVNDKH9md1dptjC7lWR//jrGuLdek/U6iltWxqAnYOu8gCiOvA=="
    },
    "node_modules/alpinejs": {
      "version": "3.13.3",
      "resolved": "https://registry.npmjs.org/alpinejs/-/alpinejs-3.13.3.tgz",
      "integrity": "sha512-WZ6WQjkAOl+WdW/jukzNHq9zHFDNKmkk/x6WF7WdyNDD6woinrfXCVsZXm0galjbco+pEpYmJLtwlZwcOfIVdg==",
      "dependencies": {
        "@vue/reactivity": "~3.1.1"
      }
    },
    "node_modules/htmx.org": {
      "version": "1.9.9",
      "resolved": "https://registry.npmjs.org/htmx.org/-/htmx.org-1.9.9.tgz",
      "integrity": "sha512-PDEZU1me7UGLzQk98LyfLvwFgdtn9mrCVMmAxv1/UjshUnxsc+rouu+Ot2QfFZxsY4mBCoOed5nK7m9Nj2Tu7g=="
    }
  }
}
